
Microsoft Visual Studio Solution File, Format Version 12.00
# Visual Studio Version 17
VisualStudioVersion = 17.9.34723.18
MinimumVisualStudioVersion = 10.0.40219.1
Project("{9A19103F-16F7-4668-BE54-9A1E7A4F7556}") = "RubbleAutoloader", "RubbleAutoloader.csproj", "{C79A1953-849F-487D-97F0-809AD8FDB33A}"
EndProject
Global
	GlobalSection(SolutionConfigurationPlatforms) = preSolution
		Debug|Any CPU = Debug|Any CPU
		Release|Any CPU = Release|Any CPU
	EndGlobalSection
	GlobalSection(ProjectConfigurationPlatforms) = postSolution
		{C79A1953-849F-487D-97F0-809AD8FDB33A}.Debug|Any CPU.ActiveCfg = Debug|Any CPU
		{C79A1953-849F-487D-97F0-809AD8FDB33A}.Debug|Any CPU.Build.0 = Debug|Any CPU
		{C79A1953-849F-487D-97F0-809AD8FDB33A}.Release|Any CPU.ActiveCfg = Release|Any CPU
		{C79A1953-849F-487D-97F0-809AD8FDB33A}.Release|Any CPU.Build.0 = Release|Any CPU
	EndGlobalSection
	GlobalSection(SolutionProperties) = preSolution
		HideSolutionNode = FALSE
	EndGlobalSection
	GlobalSection(ExtensibilityGlobals) = postSolution
		SolutionGuid = {AC54DD69-0AF1-444C-A519-83F06D0DDDC7}
	EndGlobalSection
EndGlobal
